
Microsoft Visual Studio Solution File, Format Version 12.00
# Visual Studio 15
VisualStudioVersion = 15.0.27428.2037
MinimumVisualStudioVersion = 10.0.40219.1
Project("{FAE04EC0-301F-11D3-BF4B-00C04F79EFBC}") = "CSharpClient", "CSharpClient\CSharpClient.csproj", "{83BAE82B-48D1-4520-9129-BD3008781D6E}"
EndProject
Global
	GlobalSection(SolutionConfigurationPlatforms) = preSolution
		Debug|Any CPU = Debug|Any CPU
		Release|Any CPU = Release|Any CPU
	EndGlobalSection
	GlobalSection(ProjectConfigurationPlatforms) = postSolution
		{83BAE82B-48D1-4520-9129-BD3008781D6E}.Debug|Any CPU.ActiveCfg = Debug|Any CPU
		{83BAE82B-48D1-4520-9129-BD3008781D6E}.Debug|Any CPU.Build.0 = Debug|Any CPU
		{83BAE82B-48D1-4520-9129-BD3008781D6E}.Release|Any CPU.ActiveCfg = Release|Any CPU
		{83BAE82B-48D1-4520-9129-BD3008781D6E}.Release|Any CPU.Build.0 = Release|Any CPU
	EndGlobalSection
	GlobalSection(SolutionProperties) = preSolution
		HideSolutionNode = FALSE
	EndGlobalSection
	GlobalSection(ExtensibilityGlobals) = postSolution
		SolutionGuid = {DBE1A7A4-4F2A-4828-AC4E-757484D08753}
	EndGlobalSection
EndGlobal
