
Microsoft Visual Studio Solution File, Format Version 12.00
# Visual Studio 15
VisualStudioVersion = 15.0.27428.2037
MinimumVisualStudioVersion = 10.0.40219.1
Project("{FAE04EC0-301F-11D3-BF4B-00C04F79EFBC}") = "SwaggerDemo", "SwaggerDemo\SwaggerDemo.csproj", "{CA8E03AB-E2F5-4073-94E6-F738A2A874BB}"
EndProject
Global
	GlobalSection(SolutionConfigurationPlatforms) = preSolution
		Debug|Any CPU = Debug|Any CPU
		Release|Any CPU = Release|Any CPU
	EndGlobalSection
	GlobalSection(ProjectConfigurationPlatforms) = postSolution
		{CA8E03AB-E2F5-4073-94E6-F738A2A874BB}.Debug|Any CPU.ActiveCfg = Debug|Any CPU
		{CA8E03AB-E2F5-4073-94E6-F738A2A874BB}.Debug|Any CPU.Build.0 = Debug|Any CPU
		{CA8E03AB-E2F5-4073-94E6-F738A2A874BB}.Release|Any CPU.ActiveCfg = Release|Any CPU
		{CA8E03AB-E2F5-4073-94E6-F738A2A874BB}.Release|Any CPU.Build.0 = Release|Any CPU
	EndGlobalSection
	GlobalSection(SolutionProperties) = preSolution
		HideSolutionNode = FALSE
	EndGlobalSection
	GlobalSection(ExtensibilityGlobals) = postSolution
		SolutionGuid = {7D0BCA4E-3BB8-4AE8-AE9D-92B5377DC26D}
	EndGlobalSection
EndGlobal
